{
  "name": "npo-vibro-medialab",
  "version": "1.0.0",
  "lockfileVersion": 3,
  "requires": true,
  "packages": {
    "": {
      "name": "npo-vibro-medialab",
      "version": "1.0.0",
      "license": "ISC",
      "dependencies": {
        "pitchy": "^4.1.0"
      }
    },
    "node_modules/fft.js": {
      "version": "4.0.4",
      "resolved": "https://registry.npmjs.org/fft.js/-/fft.js-4.0.4.tgz",
      "integrity": "sha512-f9c00hphOgeQTlDyavwTtu6RiK8AIFjD6+jvXkNkpeQ7rirK3uFWVpalkoS4LAwbdX7mfZ8aoBfFVQX1Re/8aw=="
    },
    "node_modules/pitchy": {
      "version": "4.1.0",
      "resolved": "https://registry.npmjs.org/pitchy/-/pitchy-4.1.0.tgz",
      "integrity": "sha512-E8nQ8svBroGSMcc3qu2KvLHIuRYAIfrSkqDKWhjgj3WizseqWQXjQ+Q5t4g1CU73R5Euk+DAinyNFDK+KZw7zA==",
      "dependencies": {
        "fft.js": "^4.0.4"
      }
    }
  }
}
